lockfileVersion: '9.0'

settings:
  autoInstallPeers: true
  excludeLinksFromLockfile: false

importers:

  .:
    dependencies:
      react-error-boundary:
        specifier: ^6.0.0
        version: 6.0.0(react@19.1.0)

packages:

  '@babel/runtime@7.27.6':
    resolution: {integrity: sha512-vbavdySgbTTrmFE+EsiqUTzlOr5bzlnJtUv9PynGCAKvfQqjIXbvFdumPM/GxMDfyuGMJaJAU6TO4zc1Jf1i8Q==}
    engines: {node: '>=6.9.0'}

  react-error-boundary@6.0.0:
    resolution: {integrity: sha512-gdlJjD7NWr0IfkPlaREN2d9uUZUlksrfOx7SX62VRerwXbMY6ftGCIZua1VG1aXFNOimhISsTq+Owp725b9SiA==}
    peerDependencies:
      react: '>=16.13.1'

  react@19.1.0:
    resolution: {integrity: sha512-FS+XFBNvn3GTAWq26joslQgWNoFu08F4kl0J4CgdNKADkdSGXQyTCnKteIAJy96Br6YbpEU1LSzV5dYtjMkMDg==}
    engines: {node: '>=0.10.0'}

snapshots:

  '@babel/runtime@7.27.6': {}

  react-error-boundary@6.0.0(react@19.1.0):
    dependencies:
      '@babel/runtime': 7.27.6
      react: 19.1.0

  react@19.1.0: {}
